
Microsoft Visual Studio Solution File, Format Version 12.00
# Visual Studio 2013
VisualStudioVersion = 12.0.21005.1
MinimumVisualStudioVersion = 10.0.40219.1
Project("{FAE04EC0-301F-11D3-BF4B-00C04F79EFBC}") = "EC.Framework.Data.Contracts", "EC.Framework\EC.Framework.Data.Contracts.csproj", "{6F7AFBD8-FA73-4069-92E7-3E7B480E7178}"
EndProject
Project("{2150E333-8FDC-42A3-9474-1A3956D46DE8}") = "Data", "Data", "{66469D43-AB95-4E4D-AF89-F5A96871C973}"
EndProject
Project("{FAE04EC0-301F-11D3-BF4B-00C04F79EFBC}") = "EC.Framework.Data.Implementations", "EC.Framework.Data.Implementation\EC.Framework.Data.Implementations.csproj", "{BFB60AE8-7445-42E2-956B-1AB4523FC401}"
EndProject
Project("{2150E333-8FDC-42A3-9474-1A3956D46DE8}") = "Service", "Service", "{7E3D8ADF-FB8A-4956-9B1A-E8ED594B8AAA}"
EndProject
Project("{FAE04EC0-301F-11D3-BF4B-00C04F79EFBC}") = "EC.Framework.Service.Contracts", "EC.Framework.Service.Contracts\EC.Framework.Service.Contracts.csproj", "{9497D70E-1DDD-47B7-8282-934FA0EA9E19}"
EndProject
Project("{FAE04EC0-301F-11D3-BF4B-00C04F79EFBC}") = "EC.Framework.Service.Implementations", "EC.Framework.Service.Implementation\EC.Framework.Service.Implementations.csproj", "{FA030E50-1434-4F93-9F65-EF32880A6D2B}"
EndProject
Project("{2150E333-8FDC-42A3-9474-1A3956D46DE8}") = "Test", "Test", "{06B1C355-389C-4B02-8673-90A22BFA4F98}"
EndProject
Project("{FAE04EC0-301F-11D3-BF4B-00C04F79EFBC}") = "EC.Framework.Test.Fakes", "EC.Framework.Test.Fakes\EC.Framework.Test.Fakes.csproj", "{CAEA8738-7572-48D5-9A0D-1050E2A49D96}"
EndProject
Project("{2150E333-8FDC-42A3-9474-1A3956D46DE8}") = "Entities", "Entities", "{6E399F18-F6AC-464B-887D-26DF638CF24E}"
EndProject
Project("{FAE04EC0-301F-11D3-BF4B-00C04F79EFBC}") = "EC.Framework.Data.Entities", "EC.Framework.Data.Entities\EC.Framework.Data.Entities.csproj", "{0A414AF0-B206-4DD8-BB25-19B475B658FA}"
EndProject
Project("{2150E333-8FDC-42A3-9474-1A3956D46DE8}") = "Common", "Common", "{AF3E55CD-F60E-42B1-A2CF-F1CE2E85B4E1}"
EndProject
Project("{FAE04EC0-301F-11D3-BF4B-00C04F79EFBC}") = "EC.Framework.Common.Entities", "EC.Framework.Common.Entities\EC.Framework.Common.Entities.csproj", "{56FD62BD-DCD9-4B6E-A5A2-B907555FF9ED}"
EndProject
Project("{FAE04EC0-301F-11D3-BF4B-00C04F79EFBC}") = "EC.Framework.Common.Lib", "EC.Framework.Common.Lib\EC.Framework.Common.Lib.csproj", "{0013AD80-5815-4030-8314-5BB6F604087A}"
EndProject
Project("{FAE04EC0-301F-11D3-BF4B-00C04F79EFBC}") = "EC.Framework.Service.Entities", "EC.Framework.Service.Entities\EC.Framework.Service.Entities.csproj", "{9EF05D4D-6B11-4217-8720-07FCC4B94E60}"
EndProject
Project("{FAE04EC0-301F-11D3-BF4B-00C04F79EFBC}") = "EC.Framework.Test.Services", "EC.Framework.Test.Services\EC.Framework.Test.Services.csproj", "{4FE08D91-64F5-4206-83F7-76B8C9D0D2D5}"
EndProject
Project("{2150E333-8FDC-42A3-9474-1A3956D46DE8}") = "UI", "UI", "{BEA71E0E-1F74-4160-8770-727F35FA9B3E}"
EndProject
Project("{FAE04EC0-301F-11D3-BF4B-00C04F79EFBC}") = "Dormitory", "Dormitory\Dormitory.csproj", "{C8065700-9087-43E9-ACC1-0693C250471D}"
EndProject
Global
	GlobalSection(SolutionConfigurationPlatforms) = preSolution
		Debug|Any CPU = Debug|Any CPU
		Release|Any CPU = Release|Any CPU
	EndGlobalSection
	GlobalSection(ProjectConfigurationPlatforms) = postSolution
		{6F7AFBD8-FA73-4069-92E7-3E7B480E7178}.Debug|Any CPU.ActiveCfg = Debug|Any CPU
		{6F7AFBD8-FA73-4069-92E7-3E7B480E7178}.Debug|Any CPU.Build.0 = Debug|Any CPU
		{6F7AFBD8-FA73-4069-92E7-3E7B480E7178}.Release|Any CPU.ActiveCfg = Release|Any CPU
		{6F7AFBD8-FA73-4069-92E7-3E7B480E7178}.Release|Any CPU.Build.0 = Release|Any CPU
		{BFB60AE8-7445-42E2-956B-1AB4523FC401}.Debug|Any CPU.ActiveCfg = Debug|Any CPU
		{BFB60AE8-7445-42E2-956B-1AB4523FC401}.Debug|Any CPU.Build.0 = Debug|Any CPU
		{BFB60AE8-7445-42E2-956B-1AB4523FC401}.Release|Any CPU.ActiveCfg = Release|Any CPU
		{BFB60AE8-7445-42E2-956B-1AB4523FC401}.Release|Any CPU.Build.0 = Release|Any CPU
		{9497D70E-1DDD-47B7-8282-934FA0EA9E19}.Debug|Any CPU.ActiveCfg = Debug|Any CPU
		{9497D70E-1DDD-47B7-8282-934FA0EA9E19}.Debug|Any CPU.Build.0 = Debug|Any CPU
		{9497D70E-1DDD-47B7-8282-934FA0EA9E19}.Release|Any CPU.ActiveCfg = Release|Any CPU
		{9497D70E-1DDD-47B7-8282-934FA0EA9E19}.Release|Any CPU.Build.0 = Release|Any CPU
		{FA030E50-1434-4F93-9F65-EF32880A6D2B}.Debug|Any CPU.ActiveCfg = Debug|Any CPU
		{FA030E50-1434-4F93-9F65-EF32880A6D2B}.Debug|Any CPU.Build.0 = Debug|Any CPU
		{FA030E50-1434-4F93-9F65-EF32880A6D2B}.Release|Any CPU.ActiveCfg = Release|Any CPU
		{FA030E50-1434-4F93-9F65-EF32880A6D2B}.Release|Any CPU.Build.0 = Release|Any CPU
		{CAEA8738-7572-48D5-9A0D-1050E2A49D96}.Debug|Any CPU.ActiveCfg = Debug|Any CPU
		{CAEA8738-7572-48D5-9A0D-1050E2A49D96}.Debug|Any CPU.Build.0 = Debug|Any CPU
		{CAEA8738-7572-48D5-9A0D-1050E2A49D96}.Release|Any CPU.ActiveCfg = Release|Any CPU
		{CAEA8738-7572-48D5-9A0D-1050E2A49D96}.Release|Any CPU.Build.0 = Release|Any CPU
		{0A414AF0-B206-4DD8-BB25-19B475B658FA}.Debug|Any CPU.ActiveCfg = Debug|Any CPU
		{0A414AF0-B206-4DD8-BB25-19B475B658FA}.Debug|Any CPU.Build.0 = Debug|Any CPU
		{0A414AF0-B206-4DD8-BB25-19B475B658FA}.Release|Any CPU.ActiveCfg = Release|Any CPU
		{0A414AF0-B206-4DD8-BB25-19B475B658FA}.Release|Any CPU.Build.0 = Release|Any CPU
		{56FD62BD-DCD9-4B6E-A5A2-B907555FF9ED}.Debug|Any CPU.ActiveCfg = Debug|Any CPU
		{56FD62BD-DCD9-4B6E-A5A2-B907555FF9ED}.Debug|Any CPU.Build.0 = Debug|Any CPU
		{56FD62BD-DCD9-4B6E-A5A2-B907555FF9ED}.Release|Any CPU.ActiveCfg = Release|Any CPU
		{56FD62BD-DCD9-4B6E-A5A2-B907555FF9ED}.Release|Any CPU.Build.0 = Release|Any CPU
		{0013AD80-5815-4030-8314-5BB6F604087A}.Debug|Any CPU.ActiveCfg = Debug|Any CPU
		{0013AD80-5815-4030-8314-5BB6F604087A}.Debug|Any CPU.Build.0 = Debug|Any CPU
		{0013AD80-5815-4030-8314-5BB6F604087A}.Release|Any CPU.ActiveCfg = Release|Any CPU
		{0013AD80-5815-4030-8314-5BB6F604087A}.Release|Any CPU.Build.0 = Release|Any CPU
		{9EF05D4D-6B11-4217-8720-07FCC4B94E60}.Debug|Any CPU.ActiveCfg = Debug|Any CPU
		{9EF05D4D-6B11-4217-8720-07FCC4B94E60}.Debug|Any CPU.Build.0 = Debug|Any CPU
		{9EF05D4D-6B11-4217-8720-07FCC4B94E60}.Release|Any CPU.ActiveCfg = Release|Any CPU
		{9EF05D4D-6B11-4217-8720-07FCC4B94E60}.Release|Any CPU.Build.0 = Release|Any CPU
		{4FE08D91-64F5-4206-83F7-76B8C9D0D2D5}.Debug|Any CPU.ActiveCfg = Debug|Any CPU
		{4FE08D91-64F5-4206-83F7-76B8C9D0D2D5}.Debug|Any CPU.Build.0 = Debug|Any CPU
		{4FE08D91-64F5-4206-83F7-76B8C9D0D2D5}.Release|Any CPU.ActiveCfg = Release|Any CPU
		{4FE08D91-64F5-4206-83F7-76B8C9D0D2D5}.Release|Any CPU.Build.0 = Release|Any CPU
		{C8065700-9087-43E9-ACC1-0693C250471D}.Debug|Any CPU.ActiveCfg = Debug|Any CPU
		{C8065700-9087-43E9-ACC1-0693C250471D}.Debug|Any CPU.Build.0 = Debug|Any CPU
		{C8065700-9087-43E9-ACC1-0693C250471D}.Release|Any CPU.ActiveCfg = Release|Any CPU
		{C8065700-9087-43E9-ACC1-0693C250471D}.Release|Any CPU.Build.0 = Release|Any CPU
	EndGlobalSection
	GlobalSection(SolutionProperties) = preSolution
		HideSolutionNode = FALSE
	EndGlobalSection
	GlobalSection(NestedProjects) = preSolution
		{6F7AFBD8-FA73-4069-92E7-3E7B480E7178} = {66469D43-AB95-4E4D-AF89-F5A96871C973}
		{BFB60AE8-7445-42E2-956B-1AB4523FC401} = {66469D43-AB95-4E4D-AF89-F5A96871C973}
		{9497D70E-1DDD-47B7-8282-934FA0EA9E19} = {7E3D8ADF-FB8A-4956-9B1A-E8ED594B8AAA}
		{FA030E50-1434-4F93-9F65-EF32880A6D2B} = {7E3D8ADF-FB8A-4956-9B1A-E8ED594B8AAA}
		{CAEA8738-7572-48D5-9A0D-1050E2A49D96} = {06B1C355-389C-4B02-8673-90A22BFA4F98}
		{4FE08D91-64F5-4206-83F7-76B8C9D0D2D5} = {06B1C355-389C-4B02-8673-90A22BFA4F98}
		{0A414AF0-B206-4DD8-BB25-19B475B658FA} = {6E399F18-F6AC-464B-887D-26DF638CF24E}
		{9EF05D4D-6B11-4217-8720-07FCC4B94E60} = {6E399F18-F6AC-464B-887D-26DF638CF24E}
		{56FD62BD-DCD9-4B6E-A5A2-B907555FF9ED} = {AF3E55CD-F60E-42B1-A2CF-F1CE2E85B4E1}
		{0013AD80-5815-4030-8314-5BB6F604087A} = {AF3E55CD-F60E-42B1-A2CF-F1CE2E85B4E1}
		{C8065700-9087-43E9-ACC1-0693C250471D} = {BEA71E0E-1F74-4160-8770-727F35FA9B3E}
	EndGlobalSection
EndGlobal
